# @generated by Move, please check-in and do not edit manually.

[move]
version = 3
manifest_digest = "43CFBFEAFF0548A9A201B6D961AB2E11FEFCEB7507958FBF06671204240579F8"
deps_digest = "F8BBB0CCB2491CA29A3DF03D6F92277A4F3574266507ACD77214D37ECA3F3082"
dependencies = [
  { id = "Sui", name = "Sui" },
]

[[move.package]]
id = "MoveStdlib"
source = { git = "https://github.com/MystenLabs/sui.git", rev = "framework/mainnet", subdir = "crates/sui-framework/packages/move-stdlib" }

[[move.package]]
id = "Sui"
source = { git = "https://github.com/MystenLabs/sui.git", rev = "framework/mainnet", subdir = "crates/sui-framework/packages/sui-framework" }

dependencies = [
  { id = "MoveStdlib", name = "MoveStdlib" },
]

[move.toolchain-version]
compiler-version = "1.59.0"
edition = "2024.beta"
flavor = "sui"

[env]

[env.testnet]
chain-id = "4c78adac"
original-published-id = "0x1dbf331569f949091d2217ba3e85204f7d1313185d49dc4030697ccf8136f62b"
latest-published-id = "0x1dbf331569f949091d2217ba3e85204f7d1313185d49dc4030697ccf8136f62b"
published-version = "1"
